
Microsoft Visual Studio Solution File, Format Version 12.00
# Visual Studio Version 17
VisualStudioVersion = 17.3.32929.385
MinimumVisualStudioVersion = 10.0.40219.1
Project("{2150E333-8FDC-42A3-9474-1A3956D46DE8}") = "src", "src", "{78E2A8C2-5908-4919-A116-E33690BF6864}"
EndProject
Project("{2150E333-8FDC-42A3-9474-1A3956D46DE8}") = "services", "services", "{8F29F87C-0D05-4B4F-8173-E67EB79EDAA6}"
EndProject
Project("{2150E333-8FDC-42A3-9474-1A3956D46DE8}") = "web", "web", "{DE16B31D-3153-4363-956A-65F9EBC42345}"
EndProject
Project("{9A19103F-16F7-4668-BE54-9A1E7A4F7556}") = "EventCatalogAPI", "EventCatalogAPI\EventCatalogAPI.csproj", "{1850DFEB-E497-4DE3-8DDC-9C78751F22E8}"
EndProject
Project("{E53339B2-1760-4266-BCC7-CA923CBCF16C}") = "docker-compose", "docker-compose.dcproj", "{F102954D-981E-4C4B-87F3-68EE989F7B28}"
EndProject
Project("{9A19103F-16F7-4668-BE54-9A1E7A4F7556}") = "WebMvc", "WebMvc\WebMvc.csproj", "{4799169B-45B4-4A6B-8BA0-7099CB76F8D9}"
EndProject
Global
	GlobalSection(SolutionConfigurationPlatforms) = preSolution
		Debug|Any CPU = Debug|Any CPU
		Release|Any CPU = Release|Any CPU
	EndGlobalSection
	GlobalSection(ProjectConfigurationPlatforms) = postSolution
		{1850DFEB-E497-4DE3-8DDC-9C78751F22E8}.Debug|Any CPU.ActiveCfg = Debug|Any CPU
		{1850DFEB-E497-4DE3-8DDC-9C78751F22E8}.Debug|Any CPU.Build.0 = Debug|Any CPU
		{1850DFEB-E497-4DE3-8DDC-9C78751F22E8}.Release|Any CPU.ActiveCfg = Release|Any CPU
		{1850DFEB-E497-4DE3-8DDC-9C78751F22E8}.Release|Any CPU.Build.0 = Release|Any CPU
		{F102954D-981E-4C4B-87F3-68EE989F7B28}.Debug|Any CPU.ActiveCfg = Debug|Any CPU
		{F102954D-981E-4C4B-87F3-68EE989F7B28}.Debug|Any CPU.Build.0 = Debug|Any CPU
		{F102954D-981E-4C4B-87F3-68EE989F7B28}.Release|Any CPU.ActiveCfg = Release|Any CPU
		{F102954D-981E-4C4B-87F3-68EE989F7B28}.Release|Any CPU.Build.0 = Release|Any CPU
		{4799169B-45B4-4A6B-8BA0-7099CB76F8D9}.Debug|Any CPU.ActiveCfg = Debug|Any CPU
		{4799169B-45B4-4A6B-8BA0-7099CB76F8D9}.Debug|Any CPU.Build.0 = Debug|Any CPU
		{4799169B-45B4-4A6B-8BA0-7099CB76F8D9}.Release|Any CPU.ActiveCfg = Release|Any CPU
		{4799169B-45B4-4A6B-8BA0-7099CB76F8D9}.Release|Any CPU.Build.0 = Release|Any CPU
	EndGlobalSection
	GlobalSection(SolutionProperties) = preSolution
		HideSolutionNode = FALSE
	EndGlobalSection
	GlobalSection(NestedProjects) = preSolution
		{8F29F87C-0D05-4B4F-8173-E67EB79EDAA6} = {78E2A8C2-5908-4919-A116-E33690BF6864}
		{DE16B31D-3153-4363-956A-65F9EBC42345} = {78E2A8C2-5908-4919-A116-E33690BF6864}
		{1850DFEB-E497-4DE3-8DDC-9C78751F22E8} = {8F29F87C-0D05-4B4F-8173-E67EB79EDAA6}
		{4799169B-45B4-4A6B-8BA0-7099CB76F8D9} = {DE16B31D-3153-4363-956A-65F9EBC42345}
	EndGlobalSection
	GlobalSection(ExtensibilityGlobals) = postSolution
		SolutionGuid = {0E72349F-8333-4A0C-AA3D-DF74D987A5B7}
	EndGlobalSection
EndGlobal
